{
  "lockfileVersion": 1,
  "name": "mixed-app",
  "packages": {
    "dune-parse": {
      "version": "1.0.0+build.2",
      "requiredBy": [
        "<root>"
      ],
      "dependencies": {}
    },
    "quartz-http": {
      "version": "0.4.6",
      "requiredBy": [
        "<root>"
      ],
      "dependencies": {
        "sable-log": "^1.3.0"
      }
    },
    "rune-cli": {
      "version": "1.9.1",
      "requiredBy": [
        "<root>"
      ],
      "dependencies": {}
    },
    "sable-log": {
      "version": "1.4.7",
      "requiredBy": [
        "<root>",
        "quartz-http"
      ],
      "dependencies": {}
    },
    "tarn-db": {
      "version": "2.3.4",
      "requiredBy": [
        "<root>"
      ],
      "dependencies": {}
    },
    "umber-ui": {
      "version": "3.1.0",
      "requiredBy": [
        "<root>"
      ],
      "dependencies": {}
    },
    "vale-core": {
      "version": "1.3.0-beta.11",
      "requiredBy": [
        "<root>"
      ],
      "dependencies": {}
    },
    "wisp-io": {
      "version": "1.0.0+linux",
      "requiredBy": [
        "<root>"
      ],
      "dependencies": {}
    }
  }
}
