{
  "lockfileVersion": 1,
  "name": "lowest-app",
  "packages": {
    "brook-io": {
      "version": "1.0.0",
      "requiredBy": [
        "kelp-cache"
      ],
      "dependencies": {}
    },
    "dune-parse": {
      "version": "1.0.0+build.2",
      "requiredBy": [
        "<root>"
      ],
      "dependencies": {}
    },
    "gale-queue": {
      "version": "1.4.0",
      "requiredBy": [
        "kelp-cache"
      ],
      "dependencies": {}
    },
    "iris-fmt": {
      "version": "0.3.0+r2",
      "requiredBy": [
        "<root>"
      ],
      "dependencies": {}
    },
    "kelp-cache": {
      "version": "2.2.0",
      "requiredBy": [
        "<root>"
      ],
      "dependencies": {
        "brook-io": "^1.0.0",
        "gale-queue": ">=1.0.0 <3"
      }
    }
  }
}
