{
  "lockfileVersion": 1,
  "name": "yanked-app",
  "packages": {
    "elm-signal": {
      "version": "0.9.3",
      "requiredBy": [
        "opal-ui"
      ],
      "dependencies": {}
    },
    "flint-auth": {
      "version": "2.0.0-beta.3",
      "requiredBy": [
        "opal-ui"
      ],
      "dependencies": {}
    },
    "nettle-crypto": {
      "version": "3.2.1",
      "requiredBy": [
        "<root>",
        "opal-ui"
      ],
      "dependencies": {}
    },
    "opal-ui": {
      "version": "4.1.0",
      "requiredBy": [
        "<root>"
      ],
      "dependencies": {
        "elm-signal": "=0.9.3",
        "flint-auth": "2.0.0-beta.3",
        "nettle-crypto": "^3.2.0"
      }
    }
  }
}
